
Microsoft Visual Studio Solution File, Format Version 12.00
# Visual Studio 15
VisualStudioVersion = 15.0.28307.102
MinimumVisualStudioVersion = 10.0.40219.1
Project("{FAE04EC0-301F-11D3-BF4B-00C04F79EFBC}") = "TestGround", "TestGround\TestGround.csproj", "{398F32DA-8375-4423-BF12-754EFB590C9A}"
EndProject
Global
	GlobalSection(SolutionConfigurationPlatforms) = preSolution
		Debug|Any CPU = Debug|Any CPU
		Release|Any CPU = Release|Any CPU
	EndGlobalSection
	GlobalSection(ProjectConfigurationPlatforms) = postSolution
		{398F32DA-8375-4423-BF12-754EFB590C9A}.Debug|Any CPU.ActiveCfg = Debug|Any CPU
		{398F32DA-8375-4423-BF12-754EFB590C9A}.Debug|Any CPU.Build.0 = Debug|Any CPU
		{398F32DA-8375-4423-BF12-754EFB590C9A}.Release|Any CPU.ActiveCfg = Release|Any CPU
		{398F32DA-8375-4423-BF12-754EFB590C9A}.Release|Any CPU.Build.0 = Release|Any CPU
	EndGlobalSection
	GlobalSection(SolutionProperties) = preSolution
		HideSolutionNode = FALSE
	EndGlobalSection
	GlobalSection(ExtensibilityGlobals) = postSolution
		SolutionGuid = {C3645ED5-763C-4E1E-A599-583A1BF9FA70}
	EndGlobalSection
EndGlobal
